
Microsoft Visual Studio Solution File, Format Version 12.00
# Visual Studio 15
VisualStudioVersion = 15.0.28307.168
MinimumVisualStudioVersion = 10.0.40219.1
Project("{FAE04EC0-301F-11D3-BF4B-00C04F79EFBC}") = "html_converter", "html_converter\html_converter.csproj", "{4565368B-B94C-4804-89C3-57C8B62ACDCC}"
EndProject
Global
	GlobalSection(SolutionConfigurationPlatforms) = preSolution
		Debug|Any CPU = Debug|Any CPU
		Release|Any CPU = Release|Any CPU
	EndGlobalSection
	GlobalSection(ProjectConfigurationPlatforms) = postSolution
		{4565368B-B94C-4804-89C3-57C8B62ACDCC}.Debug|Any CPU.ActiveCfg = Debug|Any CPU
		{4565368B-B94C-4804-89C3-57C8B62ACDCC}.Debug|Any CPU.Build.0 = Debug|Any CPU
		{4565368B-B94C-4804-89C3-57C8B62ACDCC}.Release|Any CPU.ActiveCfg = Release|Any CPU
		{4565368B-B94C-4804-89C3-57C8B62ACDCC}.Release|Any CPU.Build.0 = Release|Any CPU
	EndGlobalSection
	GlobalSection(SolutionProperties) = preSolution
		HideSolutionNode = FALSE
	EndGlobalSection
	GlobalSection(ExtensibilityGlobals) = postSolution
		SolutionGuid = {C810D245-6D49-4984-BBB8-2EAE987D0BCD}
	EndGlobalSection
EndGlobal
